
Microsoft Visual Studio Solution File, Format Version 12.00
# Visual Studio Version 17
VisualStudioVersion = 17.2.32616.157
MinimumVisualStudioVersion = 10.0.40219.1
Project("{9A19103F-16F7-4668-BE54-9A1E7A4F7556}") = "MyConhsole", "MyConhsole\MyConhsole.csproj", "{4249F579-8CBF-4E74-82A0-0701351F4386}"
EndProject
Project("{9A19103F-16F7-4668-BE54-9A1E7A4F7556}") = "Tools", "Tools\Tools.csproj", "{142C55A9-9188-4725-8858-7DEB6A1F3DD9}"
EndProject
Project("{FAE04EC0-301F-11D3-BF4B-00C04F79EFBC}") = "Web", "Web\Web.csproj", "{76A38DA3-AD51-4E3A-9104-26E5A8B222F7}"
EndProject
Global
	GlobalSection(SolutionConfigurationPlatforms) = preSolution
		Debug|Any CPU = Debug|Any CPU
		Release|Any CPU = Release|Any CPU
	EndGlobalSection
	GlobalSection(ProjectConfigurationPlatforms) = postSolution
		{4249F579-8CBF-4E74-82A0-0701351F4386}.Debug|Any CPU.ActiveCfg = Debug|Any CPU
		{4249F579-8CBF-4E74-82A0-0701351F4386}.Debug|Any CPU.Build.0 = Debug|Any CPU
		{4249F579-8CBF-4E74-82A0-0701351F4386}.Release|Any CPU.ActiveCfg = Release|Any CPU
		{4249F579-8CBF-4E74-82A0-0701351F4386}.Release|Any CPU.Build.0 = Release|Any CPU
		{142C55A9-9188-4725-8858-7DEB6A1F3DD9}.Debug|Any CPU.ActiveCfg = Debug|Any CPU
		{142C55A9-9188-4725-8858-7DEB6A1F3DD9}.Debug|Any CPU.Build.0 = Debug|Any CPU
		{142C55A9-9188-4725-8858-7DEB6A1F3DD9}.Release|Any CPU.ActiveCfg = Release|Any CPU
		{142C55A9-9188-4725-8858-7DEB6A1F3DD9}.Release|Any CPU.Build.0 = Release|Any CPU
		{76A38DA3-AD51-4E3A-9104-26E5A8B222F7}.Debug|Any CPU.ActiveCfg = Debug|Any CPU
		{76A38DA3-AD51-4E3A-9104-26E5A8B222F7}.Debug|Any CPU.Build.0 = Debug|Any CPU
		{76A38DA3-AD51-4E3A-9104-26E5A8B222F7}.Release|Any CPU.ActiveCfg = Release|Any CPU
		{76A38DA3-AD51-4E3A-9104-26E5A8B222F7}.Release|Any CPU.Build.0 = Release|Any CPU
	EndGlobalSection
	GlobalSection(SolutionProperties) = preSolution
		HideSolutionNode = FALSE
	EndGlobalSection
	GlobalSection(ExtensibilityGlobals) = postSolution
		SolutionGuid = {FB8B7DE8-AAE9-44EC-934D-749BB49288EF}
	EndGlobalSection
EndGlobal
