
Microsoft Visual Studio Solution File, Format Version 12.00
# Visual Studio Version 17
VisualStudioVersion = 17.2.32616.157
MinimumVisualStudioVersion = 10.0.40219.1
Project("{9A19103F-16F7-4668-BE54-9A1E7A4F7556}") = "MyConhsole", "MyConhsole\MyConhsole.csproj", "{4249F579-8CBF-4E74-82A0-0701351F4386}"
EndProject
Project("{9A19103F-16F7-4668-BE54-9A1E7A4F7556}") = "Tools", "Tools\Tools.csproj", "{0797A1DD-D262-46A1-AE6B-5C06570F9D90}"
EndProject
Project("{9A19103F-16F7-4668-BE54-9A1E7A4F7556}") = "web", "web\web.csproj", "{FEF08AD5-27A0-4E39-879F-94465BC0C573}"
EndProject
Project("{9A19103F-16F7-4668-BE54-9A1E7A4F7556}") = "API", "API\API.csproj", "{33AC1F52-7458-4A54-8F42-2452D4836FEB}"
EndProject
Global
	GlobalSection(SolutionConfigurationPlatforms) = preSolution
		Debug|Any CPU = Debug|Any CPU
		Release|Any CPU = Release|Any CPU
	EndGlobalSection
	GlobalSection(ProjectConfigurationPlatforms) = postSolution
		{4249F579-8CBF-4E74-82A0-0701351F4386}.Debug|Any CPU.ActiveCfg = Debug|Any CPU
		{4249F579-8CBF-4E74-82A0-0701351F4386}.Debug|Any CPU.Build.0 = Debug|Any CPU
		{4249F579-8CBF-4E74-82A0-0701351F4386}.Release|Any CPU.ActiveCfg = Release|Any CPU
		{4249F579-8CBF-4E74-82A0-0701351F4386}.Release|Any CPU.Build.0 = Release|Any CPU
		{0797A1DD-D262-46A1-AE6B-5C06570F9D90}.Debug|Any CPU.ActiveCfg = Debug|Any CPU
		{0797A1DD-D262-46A1-AE6B-5C06570F9D90}.Debug|Any CPU.Build.0 = Debug|Any CPU
		{0797A1DD-D262-46A1-AE6B-5C06570F9D90}.Release|Any CPU.ActiveCfg = Release|Any CPU
		{0797A1DD-D262-46A1-AE6B-5C06570F9D90}.Release|Any CPU.Build.0 = Release|Any CPU
		{FEF08AD5-27A0-4E39-879F-94465BC0C573}.Debug|Any CPU.ActiveCfg = Debug|Any CPU
		{FEF08AD5-27A0-4E39-879F-94465BC0C573}.Debug|Any CPU.Build.0 = Debug|Any CPU
		{FEF08AD5-27A0-4E39-879F-94465BC0C573}.Release|Any CPU.ActiveCfg = Release|Any CPU
		{FEF08AD5-27A0-4E39-879F-94465BC0C573}.Release|Any CPU.Build.0 = Release|Any CPU
		{33AC1F52-7458-4A54-8F42-2452D4836FEB}.Debug|Any CPU.ActiveCfg = Debug|Any CPU
		{33AC1F52-7458-4A54-8F42-2452D4836FEB}.Debug|Any CPU.Build.0 = Debug|Any CPU
		{33AC1F52-7458-4A54-8F42-2452D4836FEB}.Release|Any CPU.ActiveCfg = Release|Any CPU
		{33AC1F52-7458-4A54-8F42-2452D4836FEB}.Release|Any CPU.Build.0 = Release|Any CPU
	EndGlobalSection
	GlobalSection(SolutionProperties) = preSolution
		HideSolutionNode = FALSE
	EndGlobalSection
	GlobalSection(ExtensibilityGlobals) = postSolution
		SolutionGuid = {FB8B7DE8-AAE9-44EC-934D-749BB49288EF}
	EndGlobalSection
EndGlobal
